
Microsoft Visual Studio Solution File, Format Version 12.00
# Visual Studio 2013
VisualStudioVersion = 12.0.31101.0
MinimumVisualStudioVersion = 10.0.40219.1
Project("{FAE04EC0-301F-11D3-BF4B-00C04F79EFBC}") = "FluentWebRequest", "FluentWebRequest\FluentWebRequest.csproj", "{EC98BE5A-BF0A-4721-9168-BE302D58B73C}"
EndProject
Project("{FAE04EC0-301F-11D3-BF4B-00C04F79EFBC}") = "FluentWebRequestTest", "FluentWebRequestTest\FluentWebRequestTest.csproj", "{94D2EF9E-248D-4CD4-BAFC-89D63734C10C}"
EndProject
Project("{2150E333-8FDC-42A3-9474-1A3956D46DE8}") = "Solution Items", "Solution Items", "{D2FBF7A2-FEED-4CA3-B1FF-6601E858ACEC}"
	ProjectSection(SolutionItems) = preProject
		README.md = README.md
	EndProjectSection
EndProject
Global
	GlobalSection(SolutionConfigurationPlatforms) = preSolution
		Debug|Any CPU = Debug|Any CPU
		Release|Any CPU = Release|Any CPU
	EndGlobalSection
	GlobalSection(ProjectConfigurationPlatforms) = postSolution
		{EC98BE5A-BF0A-4721-9168-BE302D58B73C}.Debug|Any CPU.ActiveCfg = Debug|Any CPU
		{EC98BE5A-BF0A-4721-9168-BE302D58B73C}.Debug|Any CPU.Build.0 = Debug|Any CPU
		{EC98BE5A-BF0A-4721-9168-BE302D58B73C}.Release|Any CPU.ActiveCfg = Release|Any CPU
		{EC98BE5A-BF0A-4721-9168-BE302D58B73C}.Release|Any CPU.Build.0 = Release|Any CPU
		{94D2EF9E-248D-4CD4-BAFC-89D63734C10C}.Debug|Any CPU.ActiveCfg = Debug|Any CPU
		{94D2EF9E-248D-4CD4-BAFC-89D63734C10C}.Debug|Any CPU.Build.0 = Debug|Any CPU
		{94D2EF9E-248D-4CD4-BAFC-89D63734C10C}.Release|Any CPU.ActiveCfg = Release|Any CPU
		{94D2EF9E-248D-4CD4-BAFC-89D63734C10C}.Release|Any CPU.Build.0 = Release|Any CPU
	EndGlobalSection
	GlobalSection(SolutionProperties) = preSolution
		HideSolutionNode = FALSE
	EndGlobalSection
EndGlobal
